// !$*UTF8*$!
{
	archiveVersion = 1;
	classes = {
	};
	objectVersion = 56;
	objects = {

/* Begin PBXBuildFile section */
		6177B0BC2B52EB0D00D8ABBD /* CarouselView.swift in Sources */ = {isa = PBXBuildFile; fileRef = 6177B0BB2B52EB0D00D8ABBD /* CarouselView.swift */; };
		618460BF2B4D6EF900D9691B /* DetailView.swift in Sources */ = {isa = PBXBuildFile; fileRef = 618460BE2B4D6EF900D9691B /* DetailView.swift */; };
		618460C12B4D6FB500D9691B /* MapView.swift in Sources */ = {isa = PBXBuildFile; fileRef = 618460C02B4D6FB500D9691B /* MapView.swift */; };
		618460C32B4D764000D9691B /* DetailViewModel.swift in Sources */ = {isa = PBXBuildFile; fileRef = 618460C22B4D764000D9691B /* DetailViewModel.swift */; };
		619532A72B4AB81B005001B5 /* AndromedaLaundryAppApp.swift in Sources */ = {isa = PBXBuildFile; fileRef = 619532A62B4AB81B005001B5 /* AndromedaLaundryAppApp.swift */; };
		619532A92B4AB81B005001B5 /* ContentView.swift in Sources */ = {isa = PBXBuildFile; fileRef = 619532A82B4AB81B005001B5 /* ContentView.swift */; };
		619532AB2B4AB81C005001B5 /* Assets.xcassets in Resources */ = {isa = PBXBuildFile; fileRef = 619532AA2B4AB81C005001B5 /* Assets.xcassets */; };
		619532AE2B4AB81C005001B5 /* Preview Assets.xcassets in Resources */ = {isa = PBXBuildFile; fileRef = 619532AD2B4AB81C005001B5 /* Preview Assets.xcassets */; };
		619532B02B4AB81C005001B5 /* Persistence.swift in Sources */ = {isa = PBXBuildFile; fileRef = 619532AF2B4AB81C005001B5 /* Persistence.swift */; };
		619532B32B4AB81C005001B5 /* AndromedaLaundryApp.xcdatamodeld in Sources */ = {isa = PBXBuildFile; fileRef = 619532B12B4AB81C005001B5 /* AndromedaLaundryApp.xcdatamodeld */; };
		619532BD2B4AB81D005001B5 /* AndromedaLaundryAppTests.swift in Sources */ = {isa = PBXBuildFile; fileRef = 619532BC2B4AB81D005001B5 /* AndromedaLaundryAppTests.swift */; };
		619532C72B4AB81D005001B5 /* AndromedaLaundryAppUITests.swift in Sources */ = {isa = PBXBuildFile; fileRef = 619532C62B4AB81D005001B5 /* AndromedaLaundryAppUITests.swift */; };
		619532C92B4AB81D005001B5 /* AndromedaLaundryAppUITestsLaunchTests.swift in Sources */ = {isa = PBXBuildFile; fileRef = 619532C82B4AB81D005001B5 /* AndromedaLaundryAppUITestsLaunchTests.swift */; };
		619532D72B4C58FD005001B5 /* HomeView.swift in Sources */ = {isa = PBXBuildFile; fileRef = 619532D62B4C58FD005001B5 /* HomeView.swift */; };
		619532DC2B4C692D005001B5 /* ButtonHomeView.swift in Sources */ = {isa = PBXBuildFile; fileRef = 619532DB2B4C692D005001B5 /* ButtonHomeView.swift */; };
		61BFA5BA2B504DCE0052C7AB /* HomeViewModel.swift in Sources */ = {isa = PBXBuildFile; fileRef = 61BFA5B92B504DCE0052C7AB /* HomeViewModel.swift */; };
		61BFA5BD2B528C8A0052C7AB /* StoreModel.swift in Sources */ = {isa = PBXBuildFile; fileRef = 61BFA5BC2B528C8A0052C7AB /* StoreModel.swift */; };
		61BFA5BF2B528D3B0052C7AB /* StoreData.swift in Sources */ = {isa = PBXBuildFile; fileRef = 61BFA5BE2B528D3B0052C7AB /* StoreData.swift */; };
		61F304302B52FBD500F565F2 /* LocationAnotation.swift in Sources */ = {isa = PBXBuildFile; fileRef = 61F3042F2B52FBD500F565F2 /* LocationAnotation.swift */; };
/* End PBXBuildFile section */

/* Begin PBXContainerItemProxy section */
		619532B92B4AB81D005001B5 /* PBXContainerItemProxy */ = {
			isa = PBXContainerItemProxy;
			containerPortal = 6195329B2B4AB81A005001B5 /* Project object */;
			proxyType = 1;
			remoteGlobalIDString = 619532A22B4AB81B005001B5;
			remoteInfo = AndromedaLaundryApp;
		};
		619532C32B4AB81D005001B5 /* PBXContainerItemProxy */ = {
			isa = PBXContainerItemProxy;
			containerPortal = 6195329B2B4AB81A005001B5 /* Project object */;
			proxyType = 1;
			remoteGlobalIDString = 619532A22B4AB81B005001B5;
			remoteInfo = AndromedaLaundryApp;
		};
/* End PBXContainerItemProxy section */

/* Begin PBXFileReference section */
		6177B0BB2B52EB0D00D8ABBD /* CarouselView.swift */ = {isa = PBXFileReference; lastKnownFileType = sourcecode.swift; path = CarouselView.swift; sourceTree = "<group>"; };
		618460BE2B4D6EF900D9691B /* DetailView.swift */ = {isa = PBXFileReference; lastKnownFileType = sourcecode.swift; path = DetailView.swift; sourceTree = "<group>"; };
		618460C02B4D6FB500D9691B /* MapView.swift */ = {isa = PBXFileReference; lastKnownFileType = sourcecode.swift; path = MapView.swift; sourceTree = "<group>"; };
		618460C22B4D764000D9691B /* DetailViewModel.swift */ = {isa = PBXFileReference; lastKnownFileType = sourcecode.swift; path = DetailViewModel.swift; sourceTree = "<group>"; };
		619532A32B4AB81B005001B5 /* AndromedaLaundryApp.app */ = {isa = PBXFileReference; explicitFileType = wrapper.application; includeInIndex = 0; path = AndromedaLaundryApp.app; sourceTree = BUILT_PRODUCTS_DIR; };
		619532A62B4AB81B005001B5 /* AndromedaLaundryAppApp.swift */ = {isa = PBXFileReference; lastKnownFileType = sourcecode.swift; path = AndromedaLaundryAppApp.swift; sourceTree = "<group>"; };
		619532A82B4AB81B005001B5 /* ContentView.swift */ = {isa = PBXFileReference; lastKnownFileType = sourcecode.swift; path = ContentView.swift; sourceTree = "<group>"; };
		619532AA2B4AB81C005001B5 /* Assets.xcassets */ = {isa = PBXFileReference; lastKnownFileType = folder.assetcatalog; path = Assets.xcassets; sourceTree = "<group>"; };
		619532AD2B4AB81C005001B5 /* Preview Assets.xcassets */ = {isa = PBXFileReference; lastKnownFileType = folder.assetcatalog; path = "Preview Assets.xcassets"; sourceTree = "<group>"; };
		619532AF2B4AB81C005001B5 /* Persistence.swift */ = {isa = PBXFileReference; lastKnownFileType = sourcecode.swift; path = Persistence.swift; sourceTree = "<group>"; };
		619532B22B4AB81C005001B5 /* AndromedaLaundryApp.xcdatamodel */ = {isa = PBXFileReference; lastKnownFileType = wrapper.xcdatamodel; path = AndromedaLaundryApp.xcdatamodel; sourceTree = "<group>"; };
		619532B82B4AB81D005001B5 /* AndromedaLaundryAppTests.xctest */ = {isa = PBXFileReference; explicitFileType = wrapper.cfbundle; includeInIndex = 0; path = AndromedaLaundryAppTests.xctest; sourceTree = BUILT_PRODUCTS_DIR; };
		619532BC2B4AB81D005001B5 /* AndromedaLaundryAppTests.swift */ = {isa = PBXFileReference; lastKnownFileType = sourcecode.swift; path = AndromedaLaundryAppTests.swift; sourceTree = "<group>"; };
		619532C22B4AB81D005001B5 /* AndromedaLaundryAppUITests.xctest */ = {isa = PBXFileReference; explicitFileType = wrapper.cfbundle; includeInIndex = 0; path = AndromedaLaundryAppUITests.xctest; sourceTree = BUILT_PRODUCTS_DIR; };
		619532C62B4AB81D005001B5 /* AndromedaLaundryAppUITests.swift */ = {isa = PBXFileReference; lastKnownFileType = sourcecode.swift; path = AndromedaLaundryAppUITests.swift; sourceTree = "<group>"; };
		619532C82B4AB81D005001B5 /* AndromedaLaundryAppUITestsLaunchTests.swift */ = {isa = PBXFileReference; lastKnownFileType = sourcecode.swift; path = AndromedaLaundryAppUITestsLaunchTests.swift; sourceTree = "<group>"; };
		619532D62B4C58FD005001B5 /* HomeView.swift */ = {isa = PBXFileReference; lastKnownFileType = sourcecode.swift; path = HomeView.swift; sourceTree = "<group>"; };
		619532DB2B4C692D005001B5 /* ButtonHomeView.swift */ = {isa = PBXFileReference; lastKnownFileType = sourcecode.swift; path = ButtonHomeView.swift; sourceTree = "<group>"; };
		61BFA5B92B504DCE0052C7AB /* HomeViewModel.swift */ = {isa = PBXFileReference; lastKnownFileType = sourcecode.swift; path = HomeViewModel.swift; sourceTree = "<group>"; };
		61BFA5BC2B528C8A0052C7AB /* StoreModel.swift */ = {isa = PBXFileReference; lastKnownFileType = sourcecode.swift; path = StoreModel.swift; sourceTree = "<group>"; };
		61BFA5BE2B528D3B0052C7AB /* StoreData.swift */ = {isa = PBXFileReference; lastKnownFileType = sourcecode.swift; path = StoreData.swift; sourceTree = "<group>"; };
		61F3042F2B52FBD500F565F2 /* LocationAnotation.swift */ = {isa = PBXFileReference; lastKnownFileType = sourcecode.swift; path = LocationAnotation.swift; sourceTree = "<group>"; };
/* End PBXFileReference section */

/* Begin PBXFrameworksBuildPhase section */
		619532A02B4AB81B005001B5 /* Frameworks */ = {
			isa = PBXFrameworksBuildPhase;
			buildActionMask = 2147483647;
			files = (
			);
			runOnlyForDeploymentPostprocessing = 0;
		};
		619532B52B4AB81D005001B5 /* Frameworks */ = {
			isa = PBXFrameworksBuildPhase;
			buildActionMask = 2147483647;
			files = (
			);
			runOnlyForDeploymentPostprocessing = 0;
		};
		619532BF2B4AB81D005001B5 /* Frameworks */ = {
			isa = PBXFrameworksBuildPhase;
			buildActionMask = 2147483647;
			files = (
			);
			runOnlyForDeploymentPostprocessing = 0;
		};
/* End PBXFrameworksBuildPhase section */

/* Begin PBXGroup section */
		6195329A2B4AB81A005001B5 = {
			isa = PBXGroup;
			children = (
				619532A52B4AB81B005001B5 /* AndromedaLaundryApp */,
				619532BB2B4AB81D005001B5 /* AndromedaLaundryAppTests */,
				619532C52B4AB81D005001B5 /* AndromedaLaundryAppUITests */,
				619532A42B4AB81B005001B5 /* Products */,
			);
			sourceTree = "<group>";
		};
		619532A42B4AB81B005001B5 /* Products */ = {
			isa = PBXGroup;
			children = (
				619532A32B4AB81B005001B5 /* AndromedaLaundryApp.app */,
				619532B82B4AB81D005001B5 /* AndromedaLaundryAppTests.xctest */,
				619532C22B4AB81D005001B5 /* AndromedaLaundryAppUITests.xctest */,
			);
			name = Products;
			sourceTree = "<group>";
		};
		619532A52B4AB81B005001B5 /* AndromedaLaundryApp */ = {
			isa = PBXGroup;
			children = (
				61BFA5BB2B528C700052C7AB /* Model */,
				619532DD2B4C6CC4005001B5 /* Details */,
				619532D82B4C622A005001B5 /* Components */,
				619532D52B4C58EA005001B5 /* Home */,
				619532A62B4AB81B005001B5 /* AndromedaLaundryAppApp.swift */,
				619532A82B4AB81B005001B5 /* ContentView.swift */,
				619532AA2B4AB81C005001B5 /* Assets.xcassets */,
				619532AF2B4AB81C005001B5 /* Persistence.swift */,
				619532B12B4AB81C005001B5 /* AndromedaLaundryApp.xcdatamodeld */,
				619532AC2B4AB81C005001B5 /* Preview Content */,
			);
			path = AndromedaLaundryApp;
			sourceTree = "<group>";
		};
		619532AC2B4AB81C005001B5 /* Preview Content */ = {
			isa = PBXGroup;
			children = (
				619532AD2B4AB81C005001B5 /* Preview Assets.xcassets */,
			);
			path = "Preview Content";
			sourceTree = "<group>";
		};
		619532BB2B4AB81D005001B5 /* AndromedaLaundryAppTests */ = {
			isa = PBXGroup;
			children = (
				619532BC2B4AB81D005001B5 /* AndromedaLaundryAppTests.swift */,
			);
			path = AndromedaLaundryAppTests;
			sourceTree = "<group>";
		};
		619532C52B4AB81D005001B5 /* AndromedaLaundryAppUITests */ = {
			isa = PBXGroup;
			children = (
				619532C62B4AB81D005001B5 /* AndromedaLaundryAppUITests.swift */,
				619532C82B4AB81D005001B5 /* AndromedaLaundryAppUITestsLaunchTests.swift */,
			);
			path = AndromedaLaundryAppUITests;
			sourceTree = "<group>";
		};
		619532D52B4C58EA005001B5 /* Home */ = {
			isa = PBXGroup;
			children = (
				619532D62B4C58FD005001B5 /* HomeView.swift */,
				61BFA5B92B504DCE0052C7AB /* HomeViewModel.swift */,
			);
			path = Home;
			sourceTree = "<group>";
		};
		619532D82B4C622A005001B5 /* Components */ = {
			isa = PBXGroup;
			children = (
				619532DB2B4C692D005001B5 /* ButtonHomeView.swift */,
				618460C02B4D6FB500D9691B /* MapView.swift */,
				6177B0BB2B52EB0D00D8ABBD /* CarouselView.swift */,
			);
			path = Components;
			sourceTree = "<group>";
		};
		619532DD2B4C6CC4005001B5 /* Details */ = {
			isa = PBXGroup;
			children = (
				618460BE2B4D6EF900D9691B /* DetailView.swift */,
				618460C22B4D764000D9691B /* DetailViewModel.swift */,
			);
			path = Details;
			sourceTree = "<group>";
		};
		61BFA5BB2B528C700052C7AB /* Model */ = {
			isa = PBXGroup;
			children = (
				61BFA5BC2B528C8A0052C7AB /* StoreModel.swift */,
				61BFA5BE2B528D3B0052C7AB /* StoreData.swift */,
				61F3042F2B52FBD500F565F2 /* LocationAnotation.swift */,
			);
			path = Model;
			sourceTree = "<group>";
		};
/* End PBXGroup section */

/* Begin PBXNativeTarget section */
		619532A22B4AB81B005001B5 /* AndromedaLaundryApp */ = {
			isa = PBXNativeTarget;
			buildConfigurationList = 619532CC2B4AB81D005001B5 /* Build configuration list for PBXNativeTarget "AndromedaLaundryApp" */;
			buildPhases = (
				6195329F2B4AB81B005001B5 /* Sources */,
				619532A02B4AB81B005001B5 /* Frameworks */,
				619532A12B4AB81B005001B5 /* Resources */,
			);
			buildRules = (
			);
			dependencies = (
			);
			name = AndromedaLaundryApp;
			productName = AndromedaLaundryApp;
			productReference = 619532A32B4AB81B005001B5 /* AndromedaLaundryApp.app */;
			productType = "com.apple.product-type.application";
		};
		619532B72B4AB81D005001B5 /* AndromedaLaundryAppTests */ = {
			isa = PBXNativeTarget;
			buildConfigurationList = 619532CF2B4AB81D005001B5 /* Build configuration list for PBXNativeTarget "AndromedaLaundryAppTests" */;
			buildPhases = (
				619532B42B4AB81D005001B5 /* Sources */,
				619532B52B4AB81D005001B5 /* Frameworks */,
				619532B62B4AB81D005001B5 /* Resources */,
			);
			buildRules = (
			);
			dependencies = (
				619532BA2B4AB81D005001B5 /* PBXTargetDependency */,
			);
			name = AndromedaLaundryAppTests;
			productName = AndromedaLaundryAppTests;
			productReference = 619532B82B4AB81D005001B5 /* AndromedaLaundryAppTests.xctest */;
			productType = "com.apple.product-type.bundle.unit-test";
		};
		619532C12B4AB81D005001B5 /* AndromedaLaundryAppUITests */ = {
			isa = PBXNativeTarget;
			buildConfigurationList = 619532D22B4AB81D005001B5 /* Build configuration list for PBXNativeTarget "AndromedaLaundryAppUITests" */;
			buildPhases = (
				619532BE2B4AB81D005001B5 /* Sources */,
				619532BF2B4AB81D005001B5 /* Frameworks */,
				619532C02B4AB81D005001B5 /* Resources */,
			);
			buildRules = (
			);
			dependencies = (
				619532C42B4AB81D005001B5 /* PBXTargetDependency */,
			);
			name = AndromedaLaundryAppUITests;
			productName = AndromedaLaundryAppUITests;
			productReference = 619532C22B4AB81D005001B5 /* AndromedaLaundryAppUITests.xctest */;
			productType = "com.apple.product-type.bundle.ui-testing";
		};
/* End PBXNativeTarget section */

/* Begin PBXProject section */
		6195329B2B4AB81A005001B5 /* Project object */ = {
			isa = PBXProject;
			attributes = {
				BuildIndependentTargetsInParallel = 1;
				LastSwiftUpdateCheck = 1500;
				LastUpgradeCheck = 1500;
				TargetAttributes = {
					619532A22B4AB81B005001B5 = {
						CreatedOnToolsVersion = 15.0.1;
					};
					619532B72B4AB81D005001B5 = {
						CreatedOnToolsVersion = 15.0.1;
						TestTargetID = 619532A22B4AB81B005001B5;
					};
					619532C12B4AB81D005001B5 = {
						CreatedOnToolsVersion = 15.0.1;
						TestTargetID = 619532A22B4AB81B005001B5;
					};
				};
			};
			buildConfigurationList = 6195329E2B4AB81A005001B5 /* Build configuration list for PBXProject "AndromedaLaundryApp" */;
			compatibilityVersion = "Xcode 14.0";
			developmentRegion = en;
			hasScannedForEncodings = 0;
			knownRegions = (
				en,
				Base,
			);
			mainGroup = 6195329A2B4AB81A005001B5;
			productRefGroup = 619532A42B4AB81B005001B5 /* Products */;
			projectDirPath = "";
			projectRoot = "";
			targets = (
				619532A22B4AB81B005001B5 /* AndromedaLaundryApp */,
				619532B72B4AB81D005001B5 /* AndromedaLaundryAppTests */,
				619532C12B4AB81D005001B5 /* AndromedaLaundryAppUITests */,
			);
		};
/* End PBXProject section */

/* Begin PBXResourcesBuildPhase section */
		619532A12B4AB81B005001B5 /* Resources */ = {
			isa = PBXResourcesBuildPhase;
			buildActionMask = 2147483647;
			files = (
				619532AE2B4AB81C005001B5 /* Preview Assets.xcassets in Resources */,
				619532AB2B4AB81C005001B5 /* Assets.xcassets in Resources */,
			);
			runOnlyForDeploymentPostprocessing = 0;
		};
		619532B62B4AB81D005001B5 /* Resources */ = {
			isa = PBXResourcesBuildPhase;
			buildActionMask = 2147483647;
			files = (
			);
			runOnlyForDeploymentPostprocessing = 0;
		};
		619532C02B4AB81D005001B5 /* Resources */ = {
			isa = PBXResourcesBuildPhase;
			buildActionMask = 2147483647;
			files = (
			);
			runOnlyForDeploymentPostprocessing = 0;
		};
/* End PBXResourcesBuildPhase section */

/* Begin PBXSourcesBuildPhase section */
		6195329F2B4AB81B005001B5 /* Sources */ = {
			isa = PBXSourcesBuildPhase;
			buildActionMask = 2147483647;
			files = (
				619532B02B4AB81C005001B5 /* Persistence.swift in Sources */,
				61BFA5BF2B528D3B0052C7AB /* StoreData.swift in Sources */,
				618460C12B4D6FB500D9691B /* MapView.swift in Sources */,
				61BFA5BD2B528C8A0052C7AB /* StoreModel.swift in Sources */,
				619532A92B4AB81B005001B5 /* ContentView.swift in Sources */,
				61BFA5BA2B504DCE0052C7AB /* HomeViewModel.swift in Sources */,
				6177B0BC2B52EB0D00D8ABBD /* CarouselView.swift in Sources */,
				619532B32B4AB81C005001B5 /* AndromedaLaundryApp.xcdatamodeld in Sources */,
				618460C32B4D764000D9691B /* DetailViewModel.swift in Sources */,
				618460BF2B4D6EF900D9691B /* DetailView.swift in Sources */,
				61F304302B52FBD500F565F2 /* LocationAnotation.swift in Sources */,
				619532D72B4C58FD005001B5 /* HomeView.swift in Sources */,
				619532A72B4AB81B005001B5 /* AndromedaLaundryAppApp.swift in Sources */,
				619532DC2B4C692D005001B5 /* ButtonHomeView.swift in Sources */,
			);
			runOnlyForDeploymentPostprocessing = 0;
		};
		619532B42B4AB81D005001B5 /* Sources */ = {
			isa = PBXSourcesBuildPhase;
			buildActionMask = 2147483647;
			files = (
				619532BD2B4AB81D005001B5 /* AndromedaLaundryAppTests.swift in Sources */,
			);
			runOnlyForDeploymentPostprocessing = 0;
		};
		619532BE2B4AB81D005001B5 /* Sources */ = {
			isa = PBXSourcesBuildPhase;
			buildActionMask = 2147483647;
			files = (
				619532C92B4AB81D005001B5 /* AndromedaLaundryAppUITestsLaunchTests.swift in Sources */,
				619532C72B4AB81D005001B5 /* AndromedaLaundryAppUITests.swift in Sources */,
			);
			runOnlyForDeploymentPostprocessing = 0;
		};
/* End PBXSourcesBuildPhase section */

/* Begin PBXTargetDependency section */
		619532BA2B4AB81D005001B5 /* PBXTargetDependency */ = {
			isa = PBXTargetDependency;
			target = 619532A22B4AB81B005001B5 /* AndromedaLaundryApp */;
			targetProxy = 619532B92B4AB81D005001B5 /* PBXContainerItemProxy */;
		};
		619532C42B4AB81D005001B5 /* PBXTargetDependency */ = {
			isa = PBXTargetDependency;
			target = 619532A22B4AB81B005001B5 /* AndromedaLaundryApp */;
			targetProxy = 619532C32B4AB81D005001B5 /* PBXContainerItemProxy */;
		};
/* End PBXTargetDependency section */

/* Begin XCBuildConfiguration section */
		619532CA2B4AB81D005001B5 /* Debug */ = {
			isa = XCBuildConfiguration;
			buildSettings = {
				ALWAYS_SEARCH_USER_PATHS = NO;
				ASSETCATALOG_COMPILER_GENERATE_SWIFT_ASSET_SYMBOL_EXTENSIONS = YES;
				CLANG_ANALYZER_NONNULL = YES;
				CLANG_ANALYZER_NUMBER_OBJECT_CONVERSION = YES_AGGRESSIVE;
				CLANG_CXX_LANGUAGE_STANDARD = "gnu++20";
				CLANG_ENABLE_MODULES = YES;
				CLANG_ENABLE_OBJC_ARC = YES;
				CLANG_ENABLE_OBJC_WEAK = YES;
				CLANG_WARN_BLOCK_CAPTURE_AUTORELEASING = YES;
				CLANG_WARN_BOOL_CONVERSION = YES;
				CLANG_WARN_COMMA = YES;
				CLANG_WARN_CONSTANT_CONVERSION = YES;
				CLANG_WARN_DEPRECATED_OBJC_IMPLEMENTATIONS = YES;
				CLANG_WARN_DIRECT_OBJC_ISA_USAGE = YES_ERROR;
				CLANG_WARN_DOCUMENTATION_COMMENTS = YES;
				CLANG_WARN_EMPTY_BODY = YES;
				CLANG_WARN_ENUM_CONVERSION = YES;
				CLANG_WARN_INFINITE_RECURSION = YES;
				CLANG_WARN_INT_CONVERSION = YES;
				CLANG_WARN_NON_LITERAL_NULL_CONVERSION = YES;
				CLANG_WARN_OBJC_IMPLICIT_RETAIN_SELF = YES;
				CLANG_WARN_OBJC_LITERAL_CONVERSION = YES;
				CLANG_WARN_OBJC_ROOT_CLASS = YES_ERROR;
				CLANG_WARN_QUOTED_INCLUDE_IN_FRAMEWORK_HEADER = YES;
				CLANG_WARN_RANGE_LOOP_ANALYSIS = YES;
				CLANG_WARN_STRICT_PROTOTYPES = YES;
				CLANG_WARN_SUSPICIOUS_MOVE = YES;
				CLANG_WARN_UNGUARDED_AVAILABILITY = YES_AGGRESSIVE;
				CLANG_WARN_UNREACHABLE_CODE = YES;
				CLANG_WARN__DUPLICATE_METHOD_MATCH = YES;
				COPY_PHASE_STRIP = NO;
				DEBUG_INFORMATION_FORMAT = dwarf;
				ENABLE_STRICT_OBJC_MSGSEND = YES;
				ENABLE_TESTABILITY = YES;
				ENABLE_USER_SCRIPT_SANDBOXING = YES;
				GCC_C_LANGUAGE_STANDARD = gnu17;
				GCC_DYNAMIC_NO_PIC = NO;
				GCC_NO_COMMON_BLOCKS = YES;
				GCC_OPTIMIZATION_LEVEL = 0;
				GCC_PREPROCESSOR_DEFINITIONS = (
					"DEBUG=1",
					"$(inherited)",
				);
				GCC_WARN_64_TO_32_BIT_CONVERSION = YES;
				GCC_WARN_ABOUT_RETURN_TYPE = YES_ERROR;
				GCC_WARN_UNDECLARED_SELECTOR = YES;
				GCC_WARN_UNINITIALIZED_AUTOS = YES_AGGRESSIVE;
				GCC_WARN_UNUSED_FUNCTION = YES;
				GCC_WARN_UNUSED_VARIABLE = YES;
				IPHONEOS_DEPLOYMENT_TARGET = 16.0;
				LOCALIZATION_PREFERS_STRING_CATALOGS = YES;
				MTL_ENABLE_DEBUG_INFO = INCLUDE_SOURCE;
				MTL_FAST_MATH = YES;
				ONLY_ACTIVE_ARCH = YES;
				SDKROOT = iphoneos;
				SWIFT_ACTIVE_COMPILATION_CONDITIONS = "DEBUG $(inherited)";
				SWIFT_OPTIMIZATION_LEVEL = "-Onone";
			};
			name = Debug;
		};
		619532CB2B4AB81D005001B5 /* Release */ = {
			isa = XCBuildConfiguration;
			buildSettings = {
				ALWAYS_SEARCH_USER_PATHS = NO;
				ASSETCATALOG_COMPILER_GENERATE_SWIFT_ASSET_SYMBOL_EXTENSIONS = YES;
				CLANG_ANALYZER_NONNULL = YES;
				CLANG_ANALYZER_NUMBER_OBJECT_CONVERSION = YES_AGGRESSIVE;
				CLANG_CXX_LANGUAGE_STANDARD = "gnu++20";
				CLANG_ENABLE_MODULES = YES;
				CLANG_ENABLE_OBJC_ARC = YES;
				CLANG_ENABLE_OBJC_WEAK = YES;
				CLANG_WARN_BLOCK_CAPTURE_AUTORELEASING = YES;
				CLANG_WARN_BOOL_CONVERSION = YES;
				CLANG_WARN_COMMA = YES;
				CLANG_WARN_CONSTANT_CONVERSION = YES;
				CLANG_WARN_DEPRECATED_OBJC_IMPLEMENTATIONS = YES;
				CLANG_WARN_DIRECT_OBJC_ISA_USAGE = YES_ERROR;
				CLANG_WARN_DOCUMENTATION_COMMENTS = YES;
				CLANG_WARN_EMPTY_BODY = YES;
				CLANG_WARN_ENUM_CONVERSION = YES;
				CLANG_WARN_INFINITE_RECURSION = YES;
				CLANG_WARN_INT_CONVERSION = YES;
				CLANG_WARN_NON_LITERAL_NULL_CONVERSION = YES;
				CLANG_WARN_OBJC_IMPLICIT_RETAIN_SELF = YES;
				CLANG_WARN_OBJC_LITERAL_CONVERSION = YES;
				CLANG_WARN_OBJC_ROOT_CLASS = YES_ERROR;
				CLANG_WARN_QUOTED_INCLUDE_IN_FRAMEWORK_HEADER = YES;
				CLANG_WARN_RANGE_LOOP_ANALYSIS = YES;
				CLANG_WARN_STRICT_PROTOTYPES = YES;
				CLANG_WARN_SUSPICIOUS_MOVE = YES;
				CLANG_WARN_UNGUARDED_AVAILABILITY = YES_AGGRESSIVE;
				CLANG_WARN_UNREACHABLE_CODE = YES;
				CLANG_WARN__DUPLICATE_METHOD_MATCH = YES;
				COPY_PHASE_STRIP = NO;
				DEBUG_INFORMATION_FORMAT = "dwarf-with-dsym";
				ENABLE_NS_ASSERTIONS = NO;
				ENABLE_STRICT_OBJC_MSGSEND = YES;
				ENABLE_USER_SCRIPT_SANDBOXING = YES;
				GCC_C_LANGUAGE_STANDARD = gnu17;
				GCC_NO_COMMON_BLOCKS = YES;
				GCC_WARN_64_TO_32_BIT_CONVERSION = YES;
				GCC_WARN_ABOUT_RETURN_TYPE = YES_ERROR;
				GCC_WARN_UNDECLARED_SELECTOR = YES;
				GCC_WARN_UNINITIALIZED_AUTOS = YES_AGGRESSIVE;
				GCC_WARN_UNUSED_FUNCTION = YES;
				GCC_WARN_UNUSED_VARIABLE = YES;
				IPHONEOS_DEPLOYMENT_TARGET = 16.0;
				LOCALIZATION_PREFERS_STRING_CATALOGS = YES;
				MTL_ENABLE_DEBUG_INFO = NO;
				MTL_FAST_MATH = YES;
				SDKROOT = iphoneos;
				SWIFT_COMPILATION_MODE = wholemodule;
				VALIDATE_PRODUCT = YES;
			};
			name = Release;
		};
		619532CD2B4AB81D005001B5 /* Debug */ = {
			isa = XCBuildConfiguration;
			buildSettings = {
				ASSETCATALOG_COMPILER_APPICON_NAME = AppIcon;
				ASSETCATALOG_COMPILER_GLOBAL_ACCENT_COLOR_NAME = AccentColor;
				CODE_SIGN_STYLE = Automatic;
				CURRENT_PROJECT_VERSION = 1;
				DEVELOPMENT_ASSET_PATHS = "\"AndromedaLaundryApp/Preview Content\"";
				DEVELOPMENT_TEAM = Z9M8L46C8H;
				ENABLE_PREVIEWS = YES;
				GENERATE_INFOPLIST_FILE = YES;
				INFOPLIST_KEY_UIApplicationSceneManifest_Generation = YES;
				INFOPLIST_KEY_UIApplicationSupportsIndirectInputEvents = YES;
				INFOPLIST_KEY_UILaunchScreen_Generation = YES;
				INFOPLIST_KEY_UISupportedInterfaceOrientations_iPad = "UIInterfaceOrientationPortrait UIInterfaceOrientationPortraitUpsideDown UIInterfaceOrientationLandscapeLeft UIInterfaceOrientationLandscapeRight";
				INFOPLIST_KEY_UISupportedInterfaceOrientations_iPhone = "UIInterfaceOrientationPortrait UIInterfaceOrientationLandscapeLeft UIInterfaceOrientationLandscapeRight";
				IPHONEOS_DEPLOYMENT_TARGET = 16.0;
				LD_RUNPATH_SEARCH_PATHS = (
					"$(inherited)",
					"@executable_path/Frameworks",
				);
				MARKETING_VERSION = 1.0;
				PRODUCT_BUNDLE_IDENTIFIER = es.kreset.AndromedaLaundryApp;
				PRODUCT_NAME = "$(TARGET_NAME)";
				SWIFT_EMIT_LOC_STRINGS = YES;
				SWIFT_VERSION = 5.0;
				TARGETED_DEVICE_FAMILY = "1,2";
			};
			name = Debug;
		};
		619532CE2B4AB81D005001B5 /* Release */ = {
			isa = XCBuildConfiguration;
			buildSettings = {
				ASSETCATALOG_COMPILER_APPICON_NAME = AppIcon;
				ASSETCATALOG_COMPILER_GLOBAL_ACCENT_COLOR_NAME = AccentColor;
				CODE_SIGN_STYLE = Automatic;
				CURRENT_PROJECT_VERSION = 1;
				DEVELOPMENT_ASSET_PATHS = "\"AndromedaLaundryApp/Preview Content\"";
				DEVELOPMENT_TEAM = Z9M8L46C8H;
				ENABLE_PREVIEWS = YES;
				GENERATE_INFOPLIST_FILE = YES;
				INFOPLIST_KEY_UIApplicationSceneManifest_Generation = YES;
				INFOPLIST_KEY_UIApplicationSupportsIndirectInputEvents = YES;
				INFOPLIST_KEY_UILaunchScreen_Generation = YES;
				INFOPLIST_KEY_UISupportedInterfaceOrientations_iPad = "UIInterfaceOrientationPortrait UIInterfaceOrientationPortraitUpsideDown UIInterfaceOrientationLandscapeLeft UIInterfaceOrientationLandscapeRight";
				INFOPLIST_KEY_UISupportedInterfaceOrientations_iPhone = "UIInterfaceOrientationPortrait UIInterfaceOrientationLandscapeLeft UIInterfaceOrientationLandscapeRight";
				IPHONEOS_DEPLOYMENT_TARGET = 16.0;
				LD_RUNPATH_SEARCH_PATHS = (
					"$(inherited)",
					"@executable_path/Frameworks",
				);
				MARKETING_VERSION = 1.0;
				PRODUCT_BUNDLE_IDENTIFIER = es.kreset.AndromedaLaundryApp;
				PRODUCT_NAME = "$(TARGET_NAME)";
				SWIFT_EMIT_LOC_STRINGS = YES;
				SWIFT_VERSION = 5.0;
				TARGETED_DEVICE_FAMILY = "1,2";
			};
			name = Release;
		};
		619532D02B4AB81D005001B5 /* Debug */ = {
			isa = XCBuildConfiguration;
			buildSettings = {
				ALWAYS_EMBED_SWIFT_STANDARD_LIBRARIES = YES;
				BUNDLE_LOADER = "$(TEST_HOST)";
				CODE_SIGN_STYLE = Automatic;
				CURRENT_PROJECT_VERSION = 1;
				DEVELOPMENT_TEAM = Z9M8L46C8H;
				GENERATE_INFOPLIST_FILE = YES;
				IPHONEOS_DEPLOYMENT_TARGET = 17.0;
				MARKETING_VERSION = 1.0;
				PRODUCT_BUNDLE_IDENTIFIER = es.kreset.AndromedaLaundryAppTests;
				PRODUCT_NAME = "$(TARGET_NAME)";
				SWIFT_EMIT_LOC_STRINGS = NO;
				SWIFT_VERSION = 5.0;
				TARGETED_DEVICE_FAMILY = "1,2";
				TEST_HOST = "$(BUILT_PRODUCTS_DIR)/AndromedaLaundryApp.app/$(BUNDLE_EXECUTABLE_FOLDER_PATH)/AndromedaLaundryApp";
			};
			name = Debug;
		};
		619532D12B4AB81D005001B5 /* Release */ = {
			isa = XCBuildConfiguration;
			buildSettings = {
				ALWAYS_EMBED_SWIFT_STANDARD_LIBRARIES = YES;
				BUNDLE_LOADER = "$(TEST_HOST)";
				CODE_SIGN_STYLE = Automatic;
				CURRENT_PROJECT_VERSION = 1;
				DEVELOPMENT_TEAM = Z9M8L46C8H;
				GENERATE_INFOPLIST_FILE = YES;
				IPHONEOS_DEPLOYMENT_TARGET = 17.0;
				MARKETING_VERSION = 1.0;
				PRODUCT_BUNDLE_IDENTIFIER = es.kreset.AndromedaLaundryAppTests;
				PRODUCT_NAME = "$(TARGET_NAME)";
				SWIFT_EMIT_LOC_STRINGS = NO;
				SWIFT_VERSION = 5.0;
				TARGETED_DEVICE_FAMILY = "1,2";
				TEST_HOST = "$(BUILT_PRODUCTS_DIR)/AndromedaLaundryApp.app/$(BUNDLE_EXECUTABLE_FOLDER_PATH)/AndromedaLaundryApp";
			};
			name = Release;
		};
		619532D32B4AB81D005001B5 /* Debug */ = {
			isa = XCBuildConfiguration;
			buildSettings = {
				ALWAYS_EMBED_SWIFT_STANDARD_LIBRARIES = YES;
				CODE_SIGN_STYLE = Automatic;
				CURRENT_PROJECT_VERSION = 1;
				DEVELOPMENT_TEAM = Z9M8L46C8H;
				GENERATE_INFOPLIST_FILE = YES;
				MARKETING_VERSION = 1.0;
				PRODUCT_BUNDLE_IDENTIFIER = es.kreset.AndromedaLaundryAppUITests;
				PRODUCT_NAME = "$(TARGET_NAME)";
				SWIFT_EMIT_LOC_STRINGS = NO;
				SWIFT_VERSION = 5.0;
				TARGETED_DEVICE_FAMILY = "1,2";
				TEST_TARGET_NAME = AndromedaLaundryApp;
			};
			name = Debug;
		};
		619532D42B4AB81D005001B5 /* Release */ = {
			isa = XCBuildConfiguration;
			buildSettings = {
				ALWAYS_EMBED_SWIFT_STANDARD_LIBRARIES = YES;
				CODE_SIGN_STYLE = Automatic;
				CURRENT_PROJECT_VERSION = 1;
				DEVELOPMENT_TEAM = Z9M8L46C8H;
				GENERATE_INFOPLIST_FILE = YES;
				MARKETING_VERSION = 1.0;
				PRODUCT_BUNDLE_IDENTIFIER = es.kreset.AndromedaLaundryAppUITests;
				PRODUCT_NAME = "$(TARGET_NAME)";
				SWIFT_EMIT_LOC_STRINGS = NO;
				SWIFT_VERSION = 5.0;
				TARGETED_DEVICE_FAMILY = "1,2";
				TEST_TARGET_NAME = AndromedaLaundryApp;
			};
			name = Release;
		};
/* End XCBuildConfiguration section */

/* Begin XCConfigurationList section */
		6195329E2B4AB81A005001B5 /* Build configuration list for PBXProject "AndromedaLaundryApp" */ = {
			isa = XCConfigurationList;
			buildConfigurations = (
				619532CA2B4AB81D005001B5 /* Debug */,
				619532CB2B4AB81D005001B5 /* Release */,
			);
			defaultConfigurationIsVisible = 0;
			defaultConfigurationName = Release;
		};
		619532CC2B4AB81D005001B5 /* Build configuration list for PBXNativeTarget "AndromedaLaundryApp" */ = {
			isa = XCConfigurationList;
			buildConfigurations = (
				619532CD2B4AB81D005001B5 /* Debug */,
				619532CE2B4AB81D005001B5 /* Release */,
			);
			defaultConfigurationIsVisible = 0;
			defaultConfigurationName = Release;
		};
		619532CF2B4AB81D005001B5 /* Build configuration list for PBXNativeTarget "AndromedaLaundryAppTests" */ = {
			isa = XCConfigurationList;
			buildConfigurations = (
				619532D02B4AB81D005001B5 /* Debug */,
				619532D12B4AB81D005001B5 /* Release */,
			);
			defaultConfigurationIsVisible = 0;
			defaultConfigurationName = Release;
		};
		619532D22B4AB81D005001B5 /* Build configuration list for PBXNativeTarget "AndromedaLaundryAppUITests" */ = {
			isa = XCConfigurationList;
			buildConfigurations = (
				619532D32B4AB81D005001B5 /* Debug */,
				619532D42B4AB81D005001B5 /* Release */,
			);
			defaultConfigurationIsVisible = 0;
			defaultConfigurationName = Release;
		};
/* End XCConfigurationList section */

/* Begin XCVersionGroup section */
		619532B12B4AB81C005001B5 /* AndromedaLaundryApp.xcdatamodeld */ = {
			isa = XCVersionGroup;
			children = (
				619532B22B4AB81C005001B5 /* AndromedaLaundryApp.xcdatamodel */,
			);
			currentVersion = 619532B22B4AB81C005001B5 /* AndromedaLaundryApp.xcdatamodel */;
			path = AndromedaLaundryApp.xcdatamodeld;
			sourceTree = "<group>";
			versionGroupType = wrapper.xcdatamodel;
		};
/* End XCVersionGroup section */
	};
	rootObject = 6195329B2B4AB81A005001B5 /* Project object */;
}
